
Microsoft Visual Studio Solution File, Format Version 12.00
# Visual Studio Version 17
VisualStudioVersion = 17.14.36511.14
MinimumVisualStudioVersion = 10.0.40219.1
Project("{2150E333-8FDC-42A3-9474-1A3956D46DE8}") = "Task0", "Task0", "{02EA681E-C7D8-13C7-8484-4AC65E1B71E8}"
EndProject
Project("{2150E333-8FDC-42A3-9474-1A3956D46DE8}") = "Task1", "Task1", "{F80475DD-FBDD-4004-BFBD-0B112ACDE583}"
EndProject
Project("{2150E333-8FDC-42A3-9474-1A3956D46DE8}") = "Task2", "Task2", "{755C55EF-FA6C-4529-8766-715D1D30D979}"
EndProject
Project("{FAE04EC0-301F-11D3-BF4B-00C04F79EFBC}") = "Tyuiu.AtanaevRI.Sprint0.Task0.V0", "Tyuiu.AtanaevRI.Sprint0.Task0.V0\Tyuiu.AtanaevRI.Sprint0.Task0.V0.csproj", "{F328E167-7CD8-49EC-8101-7196CFF012DB}"
EndProject
Project("{FAE04EC0-301F-11D3-BF4B-00C04F79EFBC}") = "Tyuiu.AtanaevRI.Sprint0.Task2.V0", "Tyuiu.AtanaevRI.Sprint0.Task2.V0\Tyuiu.AtanaevRI.Sprint0.Task2.V0.csproj", "{776119B4-8DA3-4B3F-95D6-606A1977B560}"
EndProject
Project("{FAE04EC0-301F-11D3-BF4B-00C04F79EFBC}") = "Tyuiu.AtanaevRI.Sprint0.Task2.V0.Lib", "Tyuiu.AtanaevRI.Sprint0.Task2.V0.Lib\Tyuiu.AtanaevRI.Sprint0.Task2.V0.Lib.csproj", "{9B264073-F028-4EC8-9358-667FDC3906A4}"
EndProject
Project("{FAE04EC0-301F-11D3-BF4B-00C04F79EFBC}") = "Tyuiu.AtanaevRI.Sprint0.Task2.V0.Test", "Tyuiu.AtanaevRI.Sprint0.Task2.V0.Test\Tyuiu.AtanaevRI.Sprint0.Task2.V0.Test.csproj", "{7470F515-0D7E-43C8-8DC8-6CB783E32712}"
EndProject
Project("{2150E333-8FDC-42A3-9474-1A3956D46DE8}") = "Task3", "Task3", "{30F0720F-AFD9-4015-85A3-E072F48EB119}"
EndProject
Project("{FAE04EC0-301F-11D3-BF4B-00C04F79EFBC}") = "Tyuiu.AtanaevRI.Sprint0.Task3.V0", "Tyuiu.AtanaevRI.Sprint0.Task3.V0\Tyuiu.AtanaevRI.Sprint0.Task3.V0.csproj", "{27C4E1F7-3954-42A5-9AC2-9D1DAE0A2A77}"
EndProject
Project("{FAE04EC0-301F-11D3-BF4B-00C04F79EFBC}") = "Tyuiu.AtanaevRI.Sprint0.Task3.V0.Lib", "Tyuiu.AtanaevRI.Sprint0.Task3.V0.Lib\Tyuiu.AtanaevRI.Sprint0.Task3.V0.Lib.csproj", "{FAB26FFD-F414-4496-B355-0DBBEFE0B595}"
EndProject
Project("{FAE04EC0-301F-11D3-BF4B-00C04F79EFBC}") = "Tyuiu.AtanaevRI.Sprint0.Task3.V0.Test", "Tyuiu.AtanaevRI.Sprint0.Task3.V0.Test\Tyuiu.AtanaevRI.Sprint0.Task3.V0.Test.csproj", "{875E6232-9CDD-48AF-8FA2-EE0F3E157F91}"
EndProject
Project("{2150E333-8FDC-42A3-9474-1A3956D46DE8}") = "Task4", "Task4", "{DA624AA5-7B65-4F14-B12B-68B6E7BA1B0D}"
EndProject
Project("{FAE04EC0-301F-11D3-BF4B-00C04F79EFBC}") = "Tyuiu.AtanaevRI.Sprint0.Task4.V0", "Tyuiu.AtanaevRI.Sprint0.Task4.V0\Tyuiu.AtanaevRI.Sprint0.Task4.V0.csproj", "{319990D1-70D6-4DCF-9AE6-315CAE9DB4AC}"
EndProject
Project("{FAE04EC0-301F-11D3-BF4B-00C04F79EFBC}") = "Tyuiu.AtanaevRI.Sprint0.Task4.V0.Lib", "Tyuiu.AtanaevRI.Sprint0.Task4.V0.Lib\Tyuiu.AtanaevRI.Sprint0.Task4.V0.Lib.csproj", "{E1E47E3E-4C17-4739-BCAB-1B827478041E}"
EndProject
Project("{FAE04EC0-301F-11D3-BF4B-00C04F79EFBC}") = "Tyuiu.AtanaevRI.Sprint0.Task4.V0.Test", "Tyuiu.AtanaevRI.Sprint0.Task4.V0.Test\Tyuiu.AtanaevRI.Sprint0.Task4.V0.Test.csproj", "{180BD147-F583-4BA3-895C-B1188F9FC3FC}"
EndProject
Project("{2150E333-8FDC-42A3-9474-1A3956D46DE8}") = "Task5", "Task5", "{DAB8C739-8A7B-4861-8BAE-826139DAE860}"
EndProject
Project("{FAE04EC0-301F-11D3-BF4B-00C04F79EFBC}") = "Tyuiu.AtanaevRI.Sprint0.Task5.V0", "Tyuiu.AtanaevRI.Sprint0.Task5.V0\Tyuiu.AtanaevRI.Sprint0.Task5.V0.csproj", "{AF4A2415-7A97-4369-999A-6A8C608C356B}"
EndProject
Project("{FAE04EC0-301F-11D3-BF4B-00C04F79EFBC}") = "Tyuiu.AtanaevRI.Sprint0.Task5.V0.Lib", "Tyuiu.AtanaevRI.Sprint0.Task5.V0.Lib\Tyuiu.AtanaevRI.Sprint0.Task5.V0.Lib.csproj", "{D3430FA0-DAA7-4F68-825E-B7A78ACFA27F}"
EndProject
Project("{FAE04EC0-301F-11D3-BF4B-00C04F79EFBC}") = "Tyuiu.AtanaevRI.Sprint0.Task5.V0.Test", "Tyuiu.AtanaevRI.Sprint0.Task5.V0.Test\Tyuiu.AtanaevRI.Sprint0.Task5.V0.Test.csproj", "{8A421BDB-9B3F-4FA9-BAAE-0D95D98CA206}"
EndProject
Project("{2150E333-8FDC-42A3-9474-1A3956D46DE8}") = "Task6", "Task6", "{6A960829-A551-4C7F-A95A-3F72D9D45051}"
EndProject
Project("{FAE04EC0-301F-11D3-BF4B-00C04F79EFBC}") = "Tyuiu.AtanaevRI.Sprint0.Task6.V0", "Tyuiu.AtanaevRI.Sprint0.Task6.V0\Tyuiu.AtanaevRI.Sprint0.Task6.V0.csproj", "{78622977-4738-4400-A117-27242870772A}"
EndProject
Project("{FAE04EC0-301F-11D3-BF4B-00C04F79EFBC}") = "Tyuiu.AtanaevRI.Sprint0.Task6.V0.Lib", "Tyuiu.AtanaevRI.Sprint0.Task6.V0.Lib\Tyuiu.AtanaevRI.Sprint0.Task6.V0.Lib.csproj", "{FFE80245-EC6E-41E0-92E2-BA975EDB868A}"
EndProject
Project("{FAE04EC0-301F-11D3-BF4B-00C04F79EFBC}") = "Tyuiu.AtanaevRI.Sprint0.Task6.V0.Test", "Tyuiu.AtanaevRI.Sprint0.Task6.V0.Test\Tyuiu.AtanaevRI.Sprint0.Task6.V0.Test.csproj", "{B6EE5FAB-024F-4C29-8B2F-7F816903607E}"
EndProject
Global
	GlobalSection(SolutionConfigurationPlatforms) = preSolution
		Debug|Any CPU = Debug|Any CPU
		Release|Any CPU = Release|Any CPU
	EndGlobalSection
	GlobalSection(ProjectConfigurationPlatforms) = postSolution
		{F328E167-7CD8-49EC-8101-7196CFF012DB}.Debug|Any CPU.ActiveCfg = Debug|Any CPU
		{F328E167-7CD8-49EC-8101-7196CFF012DB}.Debug|Any CPU.Build.0 = Debug|Any CPU
		{F328E167-7CD8-49EC-8101-7196CFF012DB}.Release|Any CPU.ActiveCfg = Release|Any CPU
		{F328E167-7CD8-49EC-8101-7196CFF012DB}.Release|Any CPU.Build.0 = Release|Any CPU
		{776119B4-8DA3-4B3F-95D6-606A1977B560}.Debug|Any CPU.ActiveCfg = Debug|Any CPU
		{776119B4-8DA3-4B3F-95D6-606A1977B560}.Debug|Any CPU.Build.0 = Debug|Any CPU
		{776119B4-8DA3-4B3F-95D6-606A1977B560}.Release|Any CPU.ActiveCfg = Release|Any CPU
		{776119B4-8DA3-4B3F-95D6-606A1977B560}.Release|Any CPU.Build.0 = Release|Any CPU
		{9B264073-F028-4EC8-9358-667FDC3906A4}.Debug|Any CPU.ActiveCfg = Debug|Any CPU
		{9B264073-F028-4EC8-9358-667FDC3906A4}.Debug|Any CPU.Build.0 = Debug|Any CPU
		{9B264073-F028-4EC8-9358-667FDC3906A4}.Release|Any CPU.ActiveCfg = Release|Any CPU
		{9B264073-F028-4EC8-9358-667FDC3906A4}.Release|Any CPU.Build.0 = Release|Any CPU
		{7470F515-0D7E-43C8-8DC8-6CB783E32712}.Debug|Any CPU.ActiveCfg = Debug|Any CPU
		{7470F515-0D7E-43C8-8DC8-6CB783E32712}.Debug|Any CPU.Build.0 = Debug|Any CPU
		{7470F515-0D7E-43C8-8DC8-6CB783E32712}.Release|Any CPU.ActiveCfg = Release|Any CPU
		{7470F515-0D7E-43C8-8DC8-6CB783E32712}.Release|Any CPU.Build.0 = Release|Any CPU
		{27C4E1F7-3954-42A5-9AC2-9D1DAE0A2A77}.Debug|Any CPU.ActiveCfg = Debug|Any CPU
		{27C4E1F7-3954-42A5-9AC2-9D1DAE0A2A77}.Debug|Any CPU.Build.0 = Debug|Any CPU
		{27C4E1F7-3954-42A5-9AC2-9D1DAE0A2A77}.Release|Any CPU.ActiveCfg = Release|Any CPU
		{27C4E1F7-3954-42A5-9AC2-9D1DAE0A2A77}.Release|Any CPU.Build.0 = Release|Any CPU
		{FAB26FFD-F414-4496-B355-0DBBEFE0B595}.Debug|Any CPU.ActiveCfg = Debug|Any CPU
		{FAB26FFD-F414-4496-B355-0DBBEFE0B595}.Debug|Any CPU.Build.0 = Debug|Any CPU
		{FAB26FFD-F414-4496-B355-0DBBEFE0B595}.Release|Any CPU.ActiveCfg = Release|Any CPU
		{FAB26FFD-F414-4496-B355-0DBBEFE0B595}.Release|Any CPU.Build.0 = Release|Any CPU
		{875E6232-9CDD-48AF-8FA2-EE0F3E157F91}.Debug|Any CPU.ActiveCfg = Debug|Any CPU
		{875E6232-9CDD-48AF-8FA2-EE0F3E157F91}.Debug|Any CPU.Build.0 = Debug|Any CPU
		{875E6232-9CDD-48AF-8FA2-EE0F3E157F91}.Release|Any CPU.ActiveCfg = Release|Any CPU
		{875E6232-9CDD-48AF-8FA2-EE0F3E157F91}.Release|Any CPU.Build.0 = Release|Any CPU
		{319990D1-70D6-4DCF-9AE6-315CAE9DB4AC}.Debug|Any CPU.ActiveCfg = Debug|Any CPU
		{319990D1-70D6-4DCF-9AE6-315CAE9DB4AC}.Debug|Any CPU.Build.0 = Debug|Any CPU
		{319990D1-70D6-4DCF-9AE6-315CAE9DB4AC}.Release|Any CPU.ActiveCfg = Release|Any CPU
		{319990D1-70D6-4DCF-9AE6-315CAE9DB4AC}.Release|Any CPU.Build.0 = Release|Any CPU
		{E1E47E3E-4C17-4739-BCAB-1B827478041E}.Debug|Any CPU.ActiveCfg = Debug|Any CPU
		{E1E47E3E-4C17-4739-BCAB-1B827478041E}.Debug|Any CPU.Build.0 = Debug|Any CPU
		{E1E47E3E-4C17-4739-BCAB-1B827478041E}.Release|Any CPU.ActiveCfg = Release|Any CPU
		{E1E47E3E-4C17-4739-BCAB-1B827478041E}.Release|Any CPU.Build.0 = Release|Any CPU
		{180BD147-F583-4BA3-895C-B1188F9FC3FC}.Debug|Any CPU.ActiveCfg = Debug|Any CPU
		{180BD147-F583-4BA3-895C-B1188F9FC3FC}.Debug|Any CPU.Build.0 = Debug|Any CPU
		{180BD147-F583-4BA3-895C-B1188F9FC3FC}.Release|Any CPU.ActiveCfg = Release|Any CPU
		{180BD147-F583-4BA3-895C-B1188F9FC3FC}.Release|Any CPU.Build.0 = Release|Any CPU
		{AF4A2415-7A97-4369-999A-6A8C608C356B}.Debug|Any CPU.ActiveCfg = Debug|Any CPU
		{AF4A2415-7A97-4369-999A-6A8C608C356B}.Debug|Any CPU.Build.0 = Debug|Any CPU
		{AF4A2415-7A97-4369-999A-6A8C608C356B}.Release|Any CPU.ActiveCfg = Release|Any CPU
		{AF4A2415-7A97-4369-999A-6A8C608C356B}.Release|Any CPU.Build.0 = Release|Any CPU
		{D3430FA0-DAA7-4F68-825E-B7A78ACFA27F}.Debug|Any CPU.ActiveCfg = Debug|Any CPU
		{D3430FA0-DAA7-4F68-825E-B7A78ACFA27F}.Debug|Any CPU.Build.0 = Debug|Any CPU
		{D3430FA0-DAA7-4F68-825E-B7A78ACFA27F}.Release|Any CPU.ActiveCfg = Release|Any CPU
		{D3430FA0-DAA7-4F68-825E-B7A78ACFA27F}.Release|Any CPU.Build.0 = Release|Any CPU
		{8A421BDB-9B3F-4FA9-BAAE-0D95D98CA206}.Debug|Any CPU.ActiveCfg = Debug|Any CPU
		{8A421BDB-9B3F-4FA9-BAAE-0D95D98CA206}.Debug|Any CPU.Build.0 = Debug|Any CPU
		{8A421BDB-9B3F-4FA9-BAAE-0D95D98CA206}.Release|Any CPU.ActiveCfg = Release|Any CPU
		{8A421BDB-9B3F-4FA9-BAAE-0D95D98CA206}.Release|Any CPU.Build.0 = Release|Any CPU
		{78622977-4738-4400-A117-27242870772A}.Debug|Any CPU.ActiveCfg = Debug|Any CPU
		{78622977-4738-4400-A117-27242870772A}.Debug|Any CPU.Build.0 = Debug|Any CPU
		{78622977-4738-4400-A117-27242870772A}.Release|Any CPU.ActiveCfg = Release|Any CPU
		{78622977-4738-4400-A117-27242870772A}.Release|Any CPU.Build.0 = Release|Any CPU
		{FFE80245-EC6E-41E0-92E2-BA975EDB868A}.Debug|Any CPU.ActiveCfg = Debug|Any CPU
		{FFE80245-EC6E-41E0-92E2-BA975EDB868A}.Debug|Any CPU.Build.0 = Debug|Any CPU
		{FFE80245-EC6E-41E0-92E2-BA975EDB868A}.Release|Any CPU.ActiveCfg = Release|Any CPU
		{FFE80245-EC6E-41E0-92E2-BA975EDB868A}.Release|Any CPU.Build.0 = Release|Any CPU
		{B6EE5FAB-024F-4C29-8B2F-7F816903607E}.Debug|Any CPU.ActiveCfg = Debug|Any CPU
		{B6EE5FAB-024F-4C29-8B2F-7F816903607E}.Debug|Any CPU.Build.0 = Debug|Any CPU
		{B6EE5FAB-024F-4C29-8B2F-7F816903607E}.Release|Any CPU.ActiveCfg = Release|Any CPU
		{B6EE5FAB-024F-4C29-8B2F-7F816903607E}.Release|Any CPU.Build.0 = Release|Any CPU
	EndGlobalSection
	GlobalSection(SolutionProperties) = preSolution
		HideSolutionNode = FALSE
	EndGlobalSection
	GlobalSection(NestedProjects) = preSolution
		{F328E167-7CD8-49EC-8101-7196CFF012DB} = {02EA681E-C7D8-13C7-8484-4AC65E1B71E8}
		{776119B4-8DA3-4B3F-95D6-606A1977B560} = {755C55EF-FA6C-4529-8766-715D1D30D979}
		{9B264073-F028-4EC8-9358-667FDC3906A4} = {755C55EF-FA6C-4529-8766-715D1D30D979}
		{7470F515-0D7E-43C8-8DC8-6CB783E32712} = {755C55EF-FA6C-4529-8766-715D1D30D979}
		{27C4E1F7-3954-42A5-9AC2-9D1DAE0A2A77} = {30F0720F-AFD9-4015-85A3-E072F48EB119}
		{FAB26FFD-F414-4496-B355-0DBBEFE0B595} = {30F0720F-AFD9-4015-85A3-E072F48EB119}
		{875E6232-9CDD-48AF-8FA2-EE0F3E157F91} = {30F0720F-AFD9-4015-85A3-E072F48EB119}
		{319990D1-70D6-4DCF-9AE6-315CAE9DB4AC} = {DA624AA5-7B65-4F14-B12B-68B6E7BA1B0D}
		{E1E47E3E-4C17-4739-BCAB-1B827478041E} = {DA624AA5-7B65-4F14-B12B-68B6E7BA1B0D}
		{180BD147-F583-4BA3-895C-B1188F9FC3FC} = {DA624AA5-7B65-4F14-B12B-68B6E7BA1B0D}
		{AF4A2415-7A97-4369-999A-6A8C608C356B} = {DAB8C739-8A7B-4861-8BAE-826139DAE860}
		{D3430FA0-DAA7-4F68-825E-B7A78ACFA27F} = {DAB8C739-8A7B-4861-8BAE-826139DAE860}
		{8A421BDB-9B3F-4FA9-BAAE-0D95D98CA206} = {DAB8C739-8A7B-4861-8BAE-826139DAE860}
		{78622977-4738-4400-A117-27242870772A} = {6A960829-A551-4C7F-A95A-3F72D9D45051}
		{FFE80245-EC6E-41E0-92E2-BA975EDB868A} = {6A960829-A551-4C7F-A95A-3F72D9D45051}
		{B6EE5FAB-024F-4C29-8B2F-7F816903607E} = {6A960829-A551-4C7F-A95A-3F72D9D45051}
	EndGlobalSection
	GlobalSection(ExtensibilityGlobals) = postSolution
		SolutionGuid = {42FCBB0E-2E1D-4A9D-9A5F-E2D80C4DBB9B}
	EndGlobalSection
EndGlobal
